
Microsoft Visual Studio Solution File, Format Version 12.00
# Visual Studio Version 17
VisualStudioVersion = 17.9.34622.214
MinimumVisualStudioVersion = 10.0.40219.1
Project("{FAE04EC0-301F-11D3-BF4B-00C04F79EFBC}") = "Assignment12", "Assignment12\Assignment12.csproj", "{B930557B-4F1C-4AAF-A00D-29539752245B}"
EndProject
Global
	GlobalSection(SolutionConfigurationPlatforms) = preSolution
		Debug|Any CPU = Debug|Any CPU
		Release|Any CPU = Release|Any CPU
	EndGlobalSection
	GlobalSection(ProjectConfigurationPlatforms) = postSolution
		{B930557B-4F1C-4AAF-A00D-29539752245B}.Debug|Any CPU.ActiveCfg = Debug|Any CPU
		{B930557B-4F1C-4AAF-A00D-29539752245B}.Debug|Any CPU.Build.0 = Debug|Any CPU
		{B930557B-4F1C-4AAF-A00D-29539752245B}.Release|Any CPU.ActiveCfg = Release|Any CPU
		{B930557B-4F1C-4AAF-A00D-29539752245B}.Release|Any CPU.Build.0 = Release|Any CPU
	EndGlobalSection
	GlobalSection(SolutionProperties) = preSolution
		HideSolutionNode = FALSE
	EndGlobalSection
	GlobalSection(ExtensibilityGlobals) = postSolution
		SolutionGuid = {AB79DA6F-FD1A-46B1-BCE4-6131CBCEE3A3}
	EndGlobalSection
EndGlobal
