
Microsoft Visual Studio Solution File, Format Version 12.00
# Visual Studio Version 17
VisualStudioVersion = 17.8.34330.188
MinimumVisualStudioVersion = 10.0.40219.1
Project("{FAE04EC0-301F-11D3-BF4B-00C04F79EFBC}") = "HarshaReloaded", "HarshaReloaded\HarshaReloaded.csproj", "{09E449E6-25A7-4BB7-B1AB-34C5EF0FE8C3}"
EndProject
Global
	GlobalSection(SolutionConfigurationPlatforms) = preSolution
		Debug|Any CPU = Debug|Any CPU
		Release|Any CPU = Release|Any CPU
	EndGlobalSection
	GlobalSection(ProjectConfigurationPlatforms) = postSolution
		{09E449E6-25A7-4BB7-B1AB-34C5EF0FE8C3}.Debug|Any CPU.ActiveCfg = Debug|Any CPU
		{09E449E6-25A7-4BB7-B1AB-34C5EF0FE8C3}.Debug|Any CPU.Build.0 = Debug|Any CPU
		{09E449E6-25A7-4BB7-B1AB-34C5EF0FE8C3}.Release|Any CPU.ActiveCfg = Release|Any CPU
		{09E449E6-25A7-4BB7-B1AB-34C5EF0FE8C3}.Release|Any CPU.Build.0 = Release|Any CPU
	EndGlobalSection
	GlobalSection(SolutionProperties) = preSolution
		HideSolutionNode = FALSE
	EndGlobalSection
	GlobalSection(ExtensibilityGlobals) = postSolution
		SolutionGuid = {19C80D34-DB2E-437D-9F12-B61D736329BA}
	EndGlobalSection
EndGlobal
