
Microsoft Visual Studio Solution File, Format Version 12.00
# Visual Studio Version 17
VisualStudioVersion = 17.9.34622.214
MinimumVisualStudioVersion = 10.0.40219.1
Project("{FAE04EC0-301F-11D3-BF4B-00C04F79EFBC}") = "StaticFilesExample", "StaticFilesExample\StaticFilesExample.csproj", "{DEF13071-0CD9-430E-BCA9-0D272B8DB3D3}"
EndProject
Global
	GlobalSection(SolutionConfigurationPlatforms) = preSolution
		Debug|Any CPU = Debug|Any CPU
		Release|Any CPU = Release|Any CPU
	EndGlobalSection
	GlobalSection(ProjectConfigurationPlatforms) = postSolution
		{DEF13071-0CD9-430E-BCA9-0D272B8DB3D3}.Debug|Any CPU.ActiveCfg = Debug|Any CPU
		{DEF13071-0CD9-430E-BCA9-0D272B8DB3D3}.Debug|Any CPU.Build.0 = Debug|Any CPU
		{DEF13071-0CD9-430E-BCA9-0D272B8DB3D3}.Release|Any CPU.ActiveCfg = Release|Any CPU
		{DEF13071-0CD9-430E-BCA9-0D272B8DB3D3}.Release|Any CPU.Build.0 = Release|Any CPU
	EndGlobalSection
	GlobalSection(SolutionProperties) = preSolution
		HideSolutionNode = FALSE
	EndGlobalSection
	GlobalSection(ExtensibilityGlobals) = postSolution
		SolutionGuid = {BD672EEE-3E82-49EA-A63C-5B85E8561DCD}
	EndGlobalSection
EndGlobal
