
Microsoft Visual Studio Solution File, Format Version 12.00
# Visual Studio Version 17
VisualStudioVersion = 17.9.34607.119
MinimumVisualStudioVersion = 10.0.40219.1
Project("{FAE04EC0-301F-11D3-BF4B-00C04F79EFBC}") = "RoutingExample", "RoutingExample\RoutingExample.csproj", "{AC33E42D-BAE4-4A6B-8CB0-CD49B136C3EE}"
EndProject
Global
	GlobalSection(SolutionConfigurationPlatforms) = preSolution
		Debug|Any CPU = Debug|Any CPU
		Release|Any CPU = Release|Any CPU
	EndGlobalSection
	GlobalSection(ProjectConfigurationPlatforms) = postSolution
		{AC33E42D-BAE4-4A6B-8CB0-CD49B136C3EE}.Debug|Any CPU.ActiveCfg = Debug|Any CPU
		{AC33E42D-BAE4-4A6B-8CB0-CD49B136C3EE}.Debug|Any CPU.Build.0 = Debug|Any CPU
		{AC33E42D-BAE4-4A6B-8CB0-CD49B136C3EE}.Release|Any CPU.ActiveCfg = Release|Any CPU
		{AC33E42D-BAE4-4A6B-8CB0-CD49B136C3EE}.Release|Any CPU.Build.0 = Release|Any CPU
	EndGlobalSection
	GlobalSection(SolutionProperties) = preSolution
		HideSolutionNode = FALSE
	EndGlobalSection
	GlobalSection(ExtensibilityGlobals) = postSolution
		SolutionGuid = {847F5B5E-A5E9-4D83-B58E-DD0938269B87}
	EndGlobalSection
EndGlobal
