
Microsoft Visual Studio Solution File, Format Version 12.00
# Visual Studio Version 17
VisualStudioVersion = 17.9.34622.214
MinimumVisualStudioVersion = 10.0.40219.1
Project("{9A19103F-16F7-4668-BE54-9A1E7A4F7556}") = "DIExample", "DIExample\DIExample.csproj", "{5C837020-2AC5-4F9F-B94E-59AFABF33A24}"
EndProject
Project("{9A19103F-16F7-4668-BE54-9A1E7A4F7556}") = "Services", "Services\Services.csproj", "{BED3EB00-A260-4AD6-B67E-EF5C32654C38}"
EndProject
Project("{FAE04EC0-301F-11D3-BF4B-00C04F79EFBC}") = "ServiceContractor", "ServiceContractor\ServiceContractor.csproj", "{05635D06-04FC-4D44-B594-969545D3E3FC}"
EndProject
Global
	GlobalSection(SolutionConfigurationPlatforms) = preSolution
		Debug|Any CPU = Debug|Any CPU
		Release|Any CPU = Release|Any CPU
	EndGlobalSection
	GlobalSection(ProjectConfigurationPlatforms) = postSolution
		{5C837020-2AC5-4F9F-B94E-59AFABF33A24}.Debug|Any CPU.ActiveCfg = Debug|Any CPU
		{5C837020-2AC5-4F9F-B94E-59AFABF33A24}.Debug|Any CPU.Build.0 = Debug|Any CPU
		{5C837020-2AC5-4F9F-B94E-59AFABF33A24}.Release|Any CPU.ActiveCfg = Release|Any CPU
		{5C837020-2AC5-4F9F-B94E-59AFABF33A24}.Release|Any CPU.Build.0 = Release|Any CPU
		{BED3EB00-A260-4AD6-B67E-EF5C32654C38}.Debug|Any CPU.ActiveCfg = Debug|Any CPU
		{BED3EB00-A260-4AD6-B67E-EF5C32654C38}.Debug|Any CPU.Build.0 = Debug|Any CPU
		{BED3EB00-A260-4AD6-B67E-EF5C32654C38}.Release|Any CPU.ActiveCfg = Release|Any CPU
		{BED3EB00-A260-4AD6-B67E-EF5C32654C38}.Release|Any CPU.Build.0 = Release|Any CPU
		{05635D06-04FC-4D44-B594-969545D3E3FC}.Debug|Any CPU.ActiveCfg = Debug|Any CPU
		{05635D06-04FC-4D44-B594-969545D3E3FC}.Debug|Any CPU.Build.0 = Debug|Any CPU
		{05635D06-04FC-4D44-B594-969545D3E3FC}.Release|Any CPU.ActiveCfg = Release|Any CPU
		{05635D06-04FC-4D44-B594-969545D3E3FC}.Release|Any CPU.Build.0 = Release|Any CPU
	EndGlobalSection
	GlobalSection(SolutionProperties) = preSolution
		HideSolutionNode = FALSE
	EndGlobalSection
	GlobalSection(ExtensibilityGlobals) = postSolution
		SolutionGuid = {26C9501F-C66E-44AF-8A42-12EFFFAB7231}
	EndGlobalSection
EndGlobal
