
Microsoft Visual Studio Solution File, Format Version 12.00
# Visual Studio Version 17
VisualStudioVersion = 17.9.34607.119
MinimumVisualStudioVersion = 10.0.40219.1
Project("{FAE04EC0-301F-11D3-BF4B-00C04F79EFBC}") = "UseWhenExample", "UseWhenExample\UseWhenExample.csproj", "{D98D2B8B-CFC6-4334-A4E1-12B8C03CFD09}"
EndProject
Global
	GlobalSection(SolutionConfigurationPlatforms) = preSolution
		Debug|Any CPU = Debug|Any CPU
		Release|Any CPU = Release|Any CPU
	EndGlobalSection
	GlobalSection(ProjectConfigurationPlatforms) = postSolution
		{D98D2B8B-CFC6-4334-A4E1-12B8C03CFD09}.Debug|Any CPU.ActiveCfg = Debug|Any CPU
		{D98D2B8B-CFC6-4334-A4E1-12B8C03CFD09}.Debug|Any CPU.Build.0 = Debug|Any CPU
		{D98D2B8B-CFC6-4334-A4E1-12B8C03CFD09}.Release|Any CPU.ActiveCfg = Release|Any CPU
		{D98D2B8B-CFC6-4334-A4E1-12B8C03CFD09}.Release|Any CPU.Build.0 = Release|Any CPU
	EndGlobalSection
	GlobalSection(SolutionProperties) = preSolution
		HideSolutionNode = FALSE
	EndGlobalSection
	GlobalSection(ExtensibilityGlobals) = postSolution
		SolutionGuid = {E1E0536D-A024-45FF-B0BF-019D88BEF516}
	EndGlobalSection
EndGlobal
