
Microsoft Visual Studio Solution File, Format Version 12.00
# Visual Studio Version 17
VisualStudioVersion = 17.9.34622.214
MinimumVisualStudioVersion = 10.0.40219.1
Project("{FAE04EC0-301F-11D3-BF4B-00C04F79EFBC}") = "IActionResultExample", "IActionResultExample\IActionResultExample.csproj", "{10A0647B-E322-4C15-AC09-AE900E67EC90}"
EndProject
Global
	GlobalSection(SolutionConfigurationPlatforms) = preSolution
		Debug|Any CPU = Debug|Any CPU
		Release|Any CPU = Release|Any CPU
	EndGlobalSection
	GlobalSection(ProjectConfigurationPlatforms) = postSolution
		{10A0647B-E322-4C15-AC09-AE900E67EC90}.Debug|Any CPU.ActiveCfg = Debug|Any CPU
		{10A0647B-E322-4C15-AC09-AE900E67EC90}.Debug|Any CPU.Build.0 = Debug|Any CPU
		{10A0647B-E322-4C15-AC09-AE900E67EC90}.Release|Any CPU.ActiveCfg = Release|Any CPU
		{10A0647B-E322-4C15-AC09-AE900E67EC90}.Release|Any CPU.Build.0 = Release|Any CPU
	EndGlobalSection
	GlobalSection(SolutionProperties) = preSolution
		HideSolutionNode = FALSE
	EndGlobalSection
	GlobalSection(ExtensibilityGlobals) = postSolution
		SolutionGuid = {97E8D281-32C4-4B09-B3A3-59CF63EFB700}
	EndGlobalSection
EndGlobal
