
Microsoft Visual Studio Solution File, Format Version 12.00
# Visual Studio Version 17
VisualStudioVersion = 17.8.34330.188
MinimumVisualStudioVersion = 10.0.40219.1
Project("{FAE04EC0-301F-11D3-BF4B-00C04F79EFBC}") = "MyFirstApp", "MyFirstApp\MyFirstApp.csproj", "{5426A972-638E-48B4-96FE-F1966F32361D}"
EndProject
Global
	GlobalSection(SolutionConfigurationPlatforms) = preSolution
		Debug|Any CPU = Debug|Any CPU
		Release|Any CPU = Release|Any CPU
	EndGlobalSection
	GlobalSection(ProjectConfigurationPlatforms) = postSolution
		{5426A972-638E-48B4-96FE-F1966F32361D}.Debug|Any CPU.ActiveCfg = Debug|Any CPU
		{5426A972-638E-48B4-96FE-F1966F32361D}.Debug|Any CPU.Build.0 = Debug|Any CPU
		{5426A972-638E-48B4-96FE-F1966F32361D}.Release|Any CPU.ActiveCfg = Release|Any CPU
		{5426A972-638E-48B4-96FE-F1966F32361D}.Release|Any CPU.Build.0 = Release|Any CPU
	EndGlobalSection
	GlobalSection(SolutionProperties) = preSolution
		HideSolutionNode = FALSE
	EndGlobalSection
	GlobalSection(ExtensibilityGlobals) = postSolution
		SolutionGuid = {6ED87B76-751F-4F55-9D83-7BDB06429CBB}
	EndGlobalSection
EndGlobal
