
Microsoft Visual Studio Solution File, Format Version 12.00
# Visual Studio Version 17
VisualStudioVersion = 17.9.34622.214
MinimumVisualStudioVersion = 10.0.40219.1
Project("{FAE04EC0-301F-11D3-BF4B-00C04F79EFBC}") = "ControllersExample", "ControllersExample\ControllersExample.csproj", "{A63E7FFC-A59C-471E-8543-0CE5679B6E93}"
EndProject
Global
	GlobalSection(SolutionConfigurationPlatforms) = preSolution
		Debug|Any CPU = Debug|Any CPU
		Release|Any CPU = Release|Any CPU
	EndGlobalSection
	GlobalSection(ProjectConfigurationPlatforms) = postSolution
		{A63E7FFC-A59C-471E-8543-0CE5679B6E93}.Debug|Any CPU.ActiveCfg = Debug|Any CPU
		{A63E7FFC-A59C-471E-8543-0CE5679B6E93}.Debug|Any CPU.Build.0 = Debug|Any CPU
		{A63E7FFC-A59C-471E-8543-0CE5679B6E93}.Release|Any CPU.ActiveCfg = Release|Any CPU
		{A63E7FFC-A59C-471E-8543-0CE5679B6E93}.Release|Any CPU.Build.0 = Release|Any CPU
	EndGlobalSection
	GlobalSection(SolutionProperties) = preSolution
		HideSolutionNode = FALSE
	EndGlobalSection
	GlobalSection(ExtensibilityGlobals) = postSolution
		SolutionGuid = {98A9BC7B-7BB4-464E-BDD1-46CA2BCEC930}
	EndGlobalSection
EndGlobal
