
Microsoft Visual Studio Solution File, Format Version 12.00
# Visual Studio Version 17
VisualStudioVersion = 17.9.34622.214
MinimumVisualStudioVersion = 10.0.40219.1
Project("{FAE04EC0-301F-11D3-BF4B-00C04F79EFBC}") = "ViewComponentsExample", "ViewComponentsExample\ViewComponentsExample.csproj", "{A011FB4D-5320-428D-B01D-F0B6B05E76D4}"
EndProject
Global
	GlobalSection(SolutionConfigurationPlatforms) = preSolution
		Debug|Any CPU = Debug|Any CPU
		Release|Any CPU = Release|Any CPU
	EndGlobalSection
	GlobalSection(ProjectConfigurationPlatforms) = postSolution
		{A011FB4D-5320-428D-B01D-F0B6B05E76D4}.Debug|Any CPU.ActiveCfg = Debug|Any CPU
		{A011FB4D-5320-428D-B01D-F0B6B05E76D4}.Debug|Any CPU.Build.0 = Debug|Any CPU
		{A011FB4D-5320-428D-B01D-F0B6B05E76D4}.Release|Any CPU.ActiveCfg = Release|Any CPU
		{A011FB4D-5320-428D-B01D-F0B6B05E76D4}.Release|Any CPU.Build.0 = Release|Any CPU
	EndGlobalSection
	GlobalSection(SolutionProperties) = preSolution
		HideSolutionNode = FALSE
	EndGlobalSection
	GlobalSection(ExtensibilityGlobals) = postSolution
		SolutionGuid = {7046BC70-B6C8-42DC-92C5-0EDF81D8ED58}
	EndGlobalSection
EndGlobal
