
Microsoft Visual Studio Solution File, Format Version 12.00
# Visual Studio Version 17
VisualStudioVersion = 17.9.34622.214
MinimumVisualStudioVersion = 10.0.40219.1
Project("{FAE04EC0-301F-11D3-BF4B-00C04F79EFBC}") = "Assignment10", "Assignment10\Assignment10.csproj", "{9AF08AA7-F337-42DD-B1B7-7620106C8C7D}"
EndProject
Global
	GlobalSection(SolutionConfigurationPlatforms) = preSolution
		Debug|Any CPU = Debug|Any CPU
		Release|Any CPU = Release|Any CPU
	EndGlobalSection
	GlobalSection(ProjectConfigurationPlatforms) = postSolution
		{9AF08AA7-F337-42DD-B1B7-7620106C8C7D}.Debug|Any CPU.ActiveCfg = Debug|Any CPU
		{9AF08AA7-F337-42DD-B1B7-7620106C8C7D}.Debug|Any CPU.Build.0 = Debug|Any CPU
		{9AF08AA7-F337-42DD-B1B7-7620106C8C7D}.Release|Any CPU.ActiveCfg = Release|Any CPU
		{9AF08AA7-F337-42DD-B1B7-7620106C8C7D}.Release|Any CPU.Build.0 = Release|Any CPU
	EndGlobalSection
	GlobalSection(SolutionProperties) = preSolution
		HideSolutionNode = FALSE
	EndGlobalSection
	GlobalSection(ExtensibilityGlobals) = postSolution
		SolutionGuid = {EEF14648-6291-46F2-89EB-1BDA081F440C}
	EndGlobalSection
EndGlobal
